
Microsoft Visual Studio Solution File, Format Version 12.00
# Visual Studio Version 17
VisualStudioVersion = 17.13.35931.197 d17.13
MinimumVisualStudioVersion = 10.0.40219.1
Project("{FAE04EC0-301F-11D3-BF4B-00C04F79EFBC}") = "EmailAPI", "EmailAPI\EmailAPI.csproj", "{B091CE95-74CA-41FE-A873-C3C42DE7934F}"
EndProject
Project("{FAE04EC0-301F-11D3-BF4B-00C04F79EFBC}") = "EmailSendMQ", "EmailSendMQ\EmailSendMQ.csproj", "{F1C80FDE-E111-4261-A0BC-8330077B6A54}"
EndProject
Project("{FAE04EC0-301F-11D3-BF4B-00C04F79EFBC}") = "EmailConsumerMQ", "EmailConsumerMQ\EmailConsumerMQ.csproj", "{2497A64F-0A99-4A2B-9818-3EFDF299906D}"
EndProject
Project("{2150E333-8FDC-42A3-9474-1A3956D46DE8}") = "Solution Items", "Solution Items", "{8EC462FD-D22E-90A8-E5CE-7E832BA40C5D}"
	ProjectSection(SolutionItems) = preProject
		docker-compose.yml = docker-compose.yml
	EndProjectSection
EndProject
Global
	GlobalSection(SolutionConfigurationPlatforms) = preSolution
		Debug|Any CPU = Debug|Any CPU
		Release|Any CPU = Release|Any CPU
	EndGlobalSection
	GlobalSection(ProjectConfigurationPlatforms) = postSolution
		{B091CE95-74CA-41FE-A873-C3C42DE7934F}.Debug|Any CPU.ActiveCfg = Debug|Any CPU
		{B091CE95-74CA-41FE-A873-C3C42DE7934F}.Debug|Any CPU.Build.0 = Debug|Any CPU
		{B091CE95-74CA-41FE-A873-C3C42DE7934F}.Release|Any CPU.ActiveCfg = Release|Any CPU
		{B091CE95-74CA-41FE-A873-C3C42DE7934F}.Release|Any CPU.Build.0 = Release|Any CPU
		{F1C80FDE-E111-4261-A0BC-8330077B6A54}.Debug|Any CPU.ActiveCfg = Debug|Any CPU
		{F1C80FDE-E111-4261-A0BC-8330077B6A54}.Debug|Any CPU.Build.0 = Debug|Any CPU
		{F1C80FDE-E111-4261-A0BC-8330077B6A54}.Release|Any CPU.ActiveCfg = Release|Any CPU
		{F1C80FDE-E111-4261-A0BC-8330077B6A54}.Release|Any CPU.Build.0 = Release|Any CPU
		{2497A64F-0A99-4A2B-9818-3EFDF299906D}.Debug|Any CPU.ActiveCfg = Debug|Any CPU
		{2497A64F-0A99-4A2B-9818-3EFDF299906D}.Debug|Any CPU.Build.0 = Debug|Any CPU
		{2497A64F-0A99-4A2B-9818-3EFDF299906D}.Release|Any CPU.ActiveCfg = Release|Any CPU
		{2497A64F-0A99-4A2B-9818-3EFDF299906D}.Release|Any CPU.Build.0 = Release|Any CPU
	EndGlobalSection
	GlobalSection(SolutionProperties) = preSolution
		HideSolutionNode = FALSE
	EndGlobalSection
	GlobalSection(ExtensibilityGlobals) = postSolution
		SolutionGuid = {73E652C6-7306-4880-AD0A-8C57E448A4DD}
	EndGlobalSection
EndGlobal
